
Microsoft Visual Studio Solution File, Format Version 12.00
# Visual Studio 15
VisualStudioVersion = 15.0.27130.2036
MinimumVisualStudioVersion = 10.0.40219.1
Project("{FAE04EC0-301F-11D3-BF4B-00C04F79EFBC}") = "RSAEncryptionDecryptionCustomKeys", "RSAEncryptionDecryptionCustomKeys\RSAEncryptionDecryptionCustomKeys.csproj", "{34A900B3-5590-45DE-884D-26C3A4C15CE1}"
EndProject
Project("{FAE04EC0-301F-11D3-BF4B-00C04F79EFBC}") = "WindowsForms", "WindowsForms\WindowsForms.csproj", "{967B2037-CCCE-4459-B481-39758DD3BE47}"
EndProject
Global
	GlobalSection(SolutionConfigurationPlatforms) = preSolution
		Debug|Any CPU = Debug|Any CPU
		Release|Any CPU = Release|Any CPU
	EndGlobalSection
	GlobalSection(ProjectConfigurationPlatforms) = postSolution
		{34A900B3-5590-45DE-884D-26C3A4C15CE1}.Debug|Any CPU.ActiveCfg = Debug|Any CPU
		{34A900B3-5590-45DE-884D-26C3A4C15CE1}.Debug|Any CPU.Build.0 = Debug|Any CPU
		{34A900B3-5590-45DE-884D-26C3A4C15CE1}.Release|Any CPU.ActiveCfg = Release|Any CPU
		{34A900B3-5590-45DE-884D-26C3A4C15CE1}.Release|Any CPU.Build.0 = Release|Any CPU
		{967B2037-CCCE-4459-B481-39758DD3BE47}.Debug|Any CPU.ActiveCfg = Debug|Any CPU
		{967B2037-CCCE-4459-B481-39758DD3BE47}.Debug|Any CPU.Build.0 = Debug|Any CPU
		{967B2037-CCCE-4459-B481-39758DD3BE47}.Release|Any CPU.ActiveCfg = Release|Any CPU
		{967B2037-CCCE-4459-B481-39758DD3BE47}.Release|Any CPU.Build.0 = Release|Any CPU
	EndGlobalSection
	GlobalSection(SolutionProperties) = preSolution
		HideSolutionNode = FALSE
	EndGlobalSection
	GlobalSection(ExtensibilityGlobals) = postSolution
		SolutionGuid = {0477C975-6B4A-464E-A932-5FB0CFE182AC}
	EndGlobalSection
EndGlobal
